// !$*UTF8*$!
{
	archiveVersion = 1;
	classes = {
	};
	objectVersion = 46;
	objects = {

/* Begin PBXBuildFile section */
		BD2AF1FB1DCAA39900A7B582 /* AppDelegate.swift in Sources */ = {isa = PBXBuildFile; fileRef = BD2AF1FA1DCAA39900A7B582 /* AppDelegate.swift */; };
		BD2AF1FD1DCAA39900A7B582 /* ViewController.swift in Sources */ = {isa = PBXBuildFile; fileRef = BD2AF1FC1DCAA39900A7B582 /* ViewController.swift */; };
		BD2AF2001DCAA39900A7B582 /* Main.storyboard in Resources */ = {isa = PBXBuildFile; fileRef = BD2AF1FE1DCAA39900A7B582 /* Main.storyboard */; };
		BD2AF2031DCAA39900A7B582 /* PDA.xcdatamodeld in Sources */ = {isa = PBXBuildFile; fileRef = BD2AF2011DCAA39900A7B582 /* PDA.xcdatamodeld */; };
		BD2AF2051DCAA39900A7B582 /* Assets.xcassets in Resources */ = {isa = PBXBuildFile; fileRef = BD2AF2041DCAA39900A7B582 /* Assets.xcassets */; };
		BD2AF2081DCAA39900A7B582 /* LaunchScreen.storyboard in Resources */ = {isa = PBXBuildFile; fileRef = BD2AF2061DCAA39900A7B582 /* LaunchScreen.storyboard */; };
		BD37DA8B1DCB825A007A0919 /* calculatorreg.jpeg in Resources */ = {isa = PBXBuildFile; fileRef = BD37DA8A1DCB825A007A0919 /* calculatorreg.jpeg */; };
		BD37DA8D1DCB8371007A0919 /* tools.jpg in Resources */ = {isa = PBXBuildFile; fileRef = BD37DA8C1DCB8371007A0919 /* tools.jpg */; };
		BD37DA8F1DCB8DEE007A0919 /* calculatoracc.jpeg in Resources */ = {isa = PBXBuildFile; fileRef = BD37DA8E1DCB8DEE007A0919 /* calculatoracc.jpeg */; };
		BD37DA911DCB8E58007A0919 /* calccoins.jpg in Resources */ = {isa = PBXBuildFile; fileRef = BD37DA901DCB8E58007A0919 /* calccoins.jpg */; };
		BD7666311DCAA9E400F08402 /* open_photo.jpeg in Resources */ = {isa = PBXBuildFile; fileRef = BD7666301DCAA9E400F08402 /* open_photo.jpeg */; };
		BD7666331DCAAD5D00F08402 /* ic_build_48pt.png in Resources */ = {isa = PBXBuildFile; fileRef = BD7666321DCAAD5D00F08402 /* ic_build_48pt.png */; };
		BD7666351DCAAE0700F08402 /* tool-icon-8066.png in Resources */ = {isa = PBXBuildFile; fileRef = BD7666341DCAAE0700F08402 /* tool-icon-8066.png */; };
		BD7666371DCAAE1300F08402 /* Calculator-Icon.png in Resources */ = {isa = PBXBuildFile; fileRef = BD7666361DCAAE1300F08402 /* Calculator-Icon.png */; };
		BD7666391DCAAE2C00F08402 /* tool-icon-8075.jpg in Resources */ = {isa = PBXBuildFile; fileRef = BD7666381DCAAE2C00F08402 /* tool-icon-8075.jpg */; };
		BD76663B1DCAB4F400F08402 /* background_1.jpg in Resources */ = {isa = PBXBuildFile; fileRef = BD76663A1DCAB4F400F08402 /* background_1.jpg */; };
/* End PBXBuildFile section */

/* Begin PBXFileReference section */
		BD2AF1F71DCAA39900A7B582 /* PDA.app */ = {isa = PBXFileReference; explicitFileType = wrapper.application; includeInIndex = 0; path = PDA.app; sourceTree = BUILT_PRODUCTS_DIR; };
		BD2AF1FA1DCAA39900A7B582 /* AppDelegate.swift */ = {isa = PBXFileReference; lastKnownFileType = sourcecode.swift; path = AppDelegate.swift; sourceTree = "<group>"; };
		BD2AF1FC1DCAA39900A7B582 /* ViewController.swift */ = {isa = PBXFileReference; lastKnownFileType = sourcecode.swift; path = ViewController.swift; sourceTree = "<group>"; };
		BD2AF1FF1DCAA39900A7B582 /* Base */ = {isa = PBXFileReference; lastKnownFileType = file.storyboard; name = Base; path = Base.lproj/Main.storyboard; sourceTree = "<group>"; };
		BD2AF2021DCAA39900A7B582 /* PDA.xcdatamodel */ = {isa = PBXFileReference; lastKnownFileType = wrapper.xcdatamodel; path = PDA.xcdatamodel; sourceTree = "<group>"; };
		BD2AF2041DCAA39900A7B582 /* Assets.xcassets */ = {isa = PBXFileReference; lastKnownFileType = folder.assetcatalog; path = Assets.xcassets; sourceTree = "<group>"; };
		BD2AF2071DCAA39900A7B582 /* Base */ = {isa = PBXFileReference; lastKnownFileType = file.storyboard; name = Base; path = Base.lproj/LaunchScreen.storyboard; sourceTree = "<group>"; };
		BD2AF2091DCAA39900A7B582 /* Info.plist */ = {isa = PBXFileReference; lastKnownFileType = text.plist.xml; path = Info.plist; sourceTree = "<group>"; };
		BD37DA8A1DCB825A007A0919 /* calculatorreg.jpeg */ = {isa = PBXFileReference; lastKnownFileType = image.jpeg; name = calculatorreg.jpeg; path = ../../../../Desktop/calculatorreg.jpeg; sourceTree = "<group>"; };
		BD37DA8C1DCB8371007A0919 /* tools.jpg */ = {isa = PBXFileReference; lastKnownFileType = image.jpeg; name = tools.jpg; path = ../../../../Desktop/tools.jpg; sourceTree = "<group>"; };
		BD37DA8E1DCB8DEE007A0919 /* calculatoracc.jpeg */ = {isa = PBXFileReference; lastKnownFileType = image.jpeg; name = calculatoracc.jpeg; path = ../../../../Desktop/calculatoracc.jpeg; sourceTree = "<group>"; };
		BD37DA901DCB8E58007A0919 /* calccoins.jpg */ = {isa = PBXFileReference; lastKnownFileType = image.jpeg; name = calccoins.jpg; path = ../../../../Desktop/calccoins.jpg; sourceTree = "<group>"; };
		BD7666301DCAA9E400F08402 /* open_photo.jpeg */ = {isa = PBXFileReference; lastKnownFileType = image.jpeg; name = open_photo.jpeg; path = ../../../../Desktop/open_photo.jpeg; sourceTree = "<group>"; };
		BD7666321DCAAD5D00F08402 /* ic_build_48pt.png */ = {isa = PBXFileReference; lastKnownFileType = image.png; name = ic_build_48pt.png; path = ../../../../Downloads/ic_build_black_48dp/ios/ic_build_48pt.imageset/ic_build_48pt.png; sourceTree = "<group>"; };
		BD7666341DCAAE0700F08402 /* tool-icon-8066.png */ = {isa = PBXFileReference; lastKnownFileType = image.png; name = "tool-icon-8066.png"; path = "../../../../Downloads/tool-icon-8066.png"; sourceTree = "<group>"; };
		BD7666361DCAAE1300F08402 /* Calculator-Icon.png */ = {isa = PBXFileReference; lastKnownFileType = image.png; name = "Calculator-Icon.png"; path = "../../../../Desktop/Calculator-Icon.png"; sourceTree = "<group>"; };
		BD7666381DCAAE2C00F08402 /* tool-icon-8075.jpg */ = {isa = PBXFileReference; lastKnownFileType = image.jpeg; name = "tool-icon-8075.jpg"; path = "../../../../Downloads/tool-icon-8075.jpg"; sourceTree = "<group>"; };
		BD76663A1DCAB4F400F08402 /* background_1.jpg */ = {isa = PBXFileReference; lastKnownFileType = image.jpeg; name = background_1.jpg; path = "../../../../Downloads/assets1/Custom Design 1/backgrounds/background_1.jpg"; sourceTree = "<group>"; };
/* End PBXFileReference section */

/* Begin PBXFrameworksBuildPhase section */
		BD2AF1F41DCAA39900A7B582 /* Frameworks */ = {
			isa = PBXFrameworksBuildPhase;
			buildActionMask = 2147483647;
			files = (
			);
			runOnlyForDeploymentPostprocessing = 0;
		};
/* End PBXFrameworksBuildPhase section */

/* Begin PBXGroup section */
		BD2AF1EE1DCAA39900A7B582 = {
			isa = PBXGroup;
			children = (
				BD2AF1F91DCAA39900A7B582 /* PDA */,
				BD2AF1F81DCAA39900A7B582 /* Products */,
			);
			sourceTree = "<group>";
		};
		BD2AF1F81DCAA39900A7B582 /* Products */ = {
			isa = PBXGroup;
			children = (
				BD2AF1F71DCAA39900A7B582 /* PDA.app */,
			);
			name = Products;
			sourceTree = "<group>";
		};
		BD2AF1F91DCAA39900A7B582 /* PDA */ = {
			isa = PBXGroup;
			children = (
				BD7666321DCAAD5D00F08402 /* ic_build_48pt.png */,
				BD76663A1DCAB4F400F08402 /* background_1.jpg */,
				BD7666381DCAAE2C00F08402 /* tool-icon-8075.jpg */,
				BD7666361DCAAE1300F08402 /* Calculator-Icon.png */,
				BD37DA901DCB8E58007A0919 /* calccoins.jpg */,
				BD37DA8E1DCB8DEE007A0919 /* calculatoracc.jpeg */,
				BD37DA8C1DCB8371007A0919 /* tools.jpg */,
				BD37DA8A1DCB825A007A0919 /* calculatorreg.jpeg */,
				BD7666341DCAAE0700F08402 /* tool-icon-8066.png */,
				BD2AF1FA1DCAA39900A7B582 /* AppDelegate.swift */,
				BD2AF1FC1DCAA39900A7B582 /* ViewController.swift */,
				BD2AF1FE1DCAA39900A7B582 /* Main.storyboard */,
				BD7666301DCAA9E400F08402 /* open_photo.jpeg */,
				BD2AF2041DCAA39900A7B582 /* Assets.xcassets */,
				BD2AF2061DCAA39900A7B582 /* LaunchScreen.storyboard */,
				BD2AF2091DCAA39900A7B582 /* Info.plist */,
				BD2AF2011DCAA39900A7B582 /* PDA.xcdatamodeld */,
			);
			path = PDA;
			sourceTree = "<group>";
		};
/* End PBXGroup section */

/* Begin PBXNativeTarget section */
		BD2AF1F61DCAA39900A7B582 /* PDA */ = {
			isa = PBXNativeTarget;
			buildConfigurationList = BD2AF20C1DCAA39900A7B582 /* Build configuration list for PBXNativeTarget "PDA" */;
			buildPhases = (
				BD2AF1F31DCAA39900A7B582 /* Sources */,
				BD2AF1F41DCAA39900A7B582 /* Frameworks */,
				BD2AF1F51DCAA39900A7B582 /* Resources */,
			);
			buildRules = (
			);
			dependencies = (
			);
			name = PDA;
			productName = PDA;
			productReference = BD2AF1F71DCAA39900A7B582 /* PDA.app */;
			productType = "com.apple.product-type.application";
		};
/* End PBXNativeTarget section */

/* Begin PBXProject section */
		BD2AF1EF1DCAA39900A7B582 /* Project object */ = {
			isa = PBXProject;
			attributes = {
				LastSwiftUpdateCheck = 0810;
				LastUpgradeCheck = 0810;
				ORGANIZATIONNAME = xula.edu;
				TargetAttributes = {
					BD2AF1F61DCAA39900A7B582 = {
						CreatedOnToolsVersion = 8.1;
						ProvisioningStyle = Automatic;
					};
				};
			};
			buildConfigurationList = BD2AF1F21DCAA39900A7B582 /* Build configuration list for PBXProject "PDA" */;
			compatibilityVersion = "Xcode 3.2";
			developmentRegion = English;
			hasScannedForEncodings = 0;
			knownRegions = (
				en,
				Base,
			);
			mainGroup = BD2AF1EE1DCAA39900A7B582;
			productRefGroup = BD2AF1F81DCAA39900A7B582 /* Products */;
			projectDirPath = "";
			projectRoot = "";
			targets = (
				BD2AF1F61DCAA39900A7B582 /* PDA */,
			);
		};
/* End PBXProject section */

/* Begin PBXResourcesBuildPhase section */
		BD2AF1F51DCAA39900A7B582 /* Resources */ = {
			isa = PBXResourcesBuildPhase;
			buildActionMask = 2147483647;
			files = (
				BD76663B1DCAB4F400F08402 /* background_1.jpg in Resources */,
				BD7666371DCAAE1300F08402 /* Calculator-Icon.png in Resources */,
				BD37DA8D1DCB8371007A0919 /* tools.jpg in Resources */,
				BD37DA8F1DCB8DEE007A0919 /* calculatoracc.jpeg in Resources */,
				BD2AF2081DCAA39900A7B582 /* LaunchScreen.storyboard in Resources */,
				BD7666331DCAAD5D00F08402 /* ic_build_48pt.png in Resources */,
				BD2AF2051DCAA39900A7B582 /* Assets.xcassets in Resources */,
				BD7666311DCAA9E400F08402 /* open_photo.jpeg in Resources */,
				BD37DA8B1DCB825A007A0919 /* calculatorreg.jpeg in Resources */,
				BD7666351DCAAE0700F08402 /* tool-icon-8066.png in Resources */,
				BD37DA911DCB8E58007A0919 /* calccoins.jpg in Resources */,
				BD7666391DCAAE2C00F08402 /* tool-icon-8075.jpg in Resources */,
				BD2AF2001DCAA39900A7B582 /* Main.storyboard in Resources */,
			);
			runOnlyForDeploymentPostprocessing = 0;
		};
/* End PBXResourcesBuildPhase section */

/* Begin PBXSourcesBuildPhase section */
		BD2AF1F31DCAA39900A7B582 /* Sources */ = {
			isa = PBXSourcesBuildPhase;
			buildActionMask = 2147483647;
			files = (
				BD2AF2031DCAA39900A7B582 /* PDA.xcdatamodeld in Sources */,
				BD2AF1FD1DCAA39900A7B582 /* ViewController.swift in Sources */,
				BD2AF1FB1DCAA39900A7B582 /* AppDelegate.swift in Sources */,
			);
			runOnlyForDeploymentPostprocessing = 0;
		};
/* End PBXSourcesBuildPhase section */

/* Begin PBXVariantGroup section */
		BD2AF1FE1DCAA39900A7B582 /* Main.storyboard */ = {
			isa = PBXVariantGroup;
			children = (
				BD2AF1FF1DCAA39900A7B582 /* Base */,
			);
			name = Main.storyboard;
			sourceTree = "<group>";
		};
		BD2AF2061DCAA39900A7B582 /* LaunchScreen.storyboard */ = {
			isa = PBXVariantGroup;
			children = (
				BD2AF2071DCAA39900A7B582 /* Base */,
			);
			name = LaunchScreen.storyboard;
			sourceTree = "<group>";
		};
/* End PBXVariantGroup section */

/* Begin XCBuildConfiguration section */
		BD2AF20A1DCAA39900A7B582 /* Debug */ = {
			isa = XCBuildConfiguration;
			buildSettings = {
				ALWAYS_SEARCH_USER_PATHS = NO;
				CLANG_ANALYZER_NONNULL = YES;
				CLANG_CXX_LANGUAGE_STANDARD = "gnu++0x";
				CLANG_CXX_LIBRARY = "libc++";
				CLANG_ENABLE_MODULES = YES;
				CLANG_ENABLE_OBJC_ARC = YES;
				CLANG_WARN_BOOL_CONVERSION = YES;
				CLANG_WARN_CONSTANT_CONVERSION = YES;
				CLANG_WARN_DIRECT_OBJC_ISA_USAGE = YES_ERROR;
				CLANG_WARN_DOCUMENTATION_COMMENTS = YES;
				CLANG_WARN_EMPTY_BODY = YES;
				CLANG_WARN_ENUM_CONVERSION = YES;
				CLANG_WARN_INFINITE_RECURSION = YES;
				CLANG_WARN_INT_CONVERSION = YES;
				CLANG_WARN_OBJC_ROOT_CLASS = YES_ERROR;
				CLANG_WARN_SUSPICIOUS_MOVES = YES;
				CLANG_WARN_UNREACHABLE_CODE = YES;
				CLANG_WARN__DUPLICATE_METHOD_MATCH = YES;
				"CODE_SIGN_IDENTITY[sdk=iphoneos*]" = "iPhone Developer";
				COPY_PHASE_STRIP = NO;
				DEBUG_INFORMATION_FORMAT = dwarf;
				ENABLE_STRICT_OBJC_MSGSEND = YES;
				ENABLE_TESTABILITY = YES;
				GCC_C_LANGUAGE_STANDARD = gnu99;
				GCC_DYNAMIC_NO_PIC = NO;
				GCC_NO_COMMON_BLOCKS = YES;
				GCC_OPTIMIZATION_LEVEL = 0;
				GCC_PREPROCESSOR_DEFINITIONS = (
					"DEBUG=1",
					"$(inherited)",
				);
				GCC_WARN_64_TO_32_BIT_CONVERSION = YES;
				GCC_WARN_ABOUT_RETURN_TYPE = YES_ERROR;
				GCC_WARN_UNDECLARED_SELECTOR = YES;
				GCC_WARN_UNINITIALIZED_AUTOS = YES_AGGRESSIVE;
				GCC_WARN_UNUSED_FUNCTION = YES;
				GCC_WARN_UNUSED_VARIABLE = YES;
				IPHONEOS_DEPLOYMENT_TARGET = 10.1;
				MTL_ENABLE_DEBUG_INFO = YES;
				ONLY_ACTIVE_ARCH = YES;
				SDKROOT = iphoneos;
				SWIFT_ACTIVE_COMPILATION_CONDITIONS = DEBUG;
				SWIFT_OPTIMIZATION_LEVEL = "-Onone";
			};
			name = Debug;
		};
		BD2AF20B1DCAA39900A7B582 /* Release */ = {
			isa = XCBuildConfiguration;
			buildSettings = {
				ALWAYS_SEARCH_USER_PATHS = NO;
				CLANG_ANALYZER_NONNULL = YES;
				CLANG_CXX_LANGUAGE_STANDARD = "gnu++0x";
				CLANG_CXX_LIBRARY = "libc++";
				CLANG_ENABLE_MODULES = YES;
				CLANG_ENABLE_OBJC_ARC = YES;
				CLANG_WARN_BOOL_CONVERSION = YES;
				CLANG_WARN_CONSTANT_CONVERSION = YES;
				CLANG_WARN_DIRECT_OBJC_ISA_USAGE = YES_ERROR;
				CLANG_WARN_DOCUMENTATION_COMMENTS = YES;
				CLANG_WARN_EMPTY_BODY = YES;
				CLANG_WARN_ENUM_CONVERSION = YES;
				CLANG_WARN_INFINITE_RECURSION = YES;
				CLANG_WARN_INT_CONVERSION = YES;
				CLANG_WARN_OBJC_ROOT_CLASS = YES_ERROR;
				CLANG_WARN_SUSPICIOUS_MOVES = YES;
				CLANG_WARN_UNREACHABLE_CODE = YES;
				CLANG_WARN__DUPLICATE_METHOD_MATCH = YES;
				"CODE_SIGN_IDENTITY[sdk=iphoneos*]" = "iPhone Developer";
				COPY_PHASE_STRIP = NO;
				DEBUG_INFORMATION_FORMAT = "dwarf-with-dsym";
				ENABLE_NS_ASSERTIONS = NO;
				ENABLE_STRICT_OBJC_MSGSEND = YES;
				GCC_C_LANGUAGE_STANDARD = gnu99;
				GCC_NO_COMMON_BLOCKS = YES;
				GCC_WARN_64_TO_32_BIT_CONVERSION = YES;
				GCC_WARN_ABOUT_RETURN_TYPE = YES_ERROR;
				GCC_WARN_UNDECLARED_SELECTOR = YES;
				GCC_WARN_UNINITIALIZED_AUTOS = YES_AGGRESSIVE;
				GCC_WARN_UNUSED_FUNCTION = YES;
				GCC_WARN_UNUSED_VARIABLE = YES;
				IPHONEOS_DEPLOYMENT_TARGET = 10.1;
				MTL_ENABLE_DEBUG_INFO = NO;
				SDKROOT = iphoneos;
				SWIFT_OPTIMIZATION_LEVEL = "-Owholemodule";
				VALIDATE_PRODUCT = YES;
			};
			name = Release;
		};
		BD2AF20D1DCAA39900A7B582 /* Debug */ = {
			isa = XCBuildConfiguration;
			buildSettings = {
				ASSETCATALOG_COMPILER_APPICON_NAME = AppIcon;
				INFOPLIST_FILE = PDA/Info.plist;
				LD_RUNPATH_SEARCH_PATHS = "$(inherited) @executable_path/Frameworks";
				PRODUCT_BUNDLE_IDENTIFIER = edu.xula.PDA;
				PRODUCT_NAME = "$(TARGET_NAME)";
				SWIFT_VERSION = 3.0;
			};
			name = Debug;
		};
		BD2AF20E1DCAA39900A7B582 /* Release */ = {
			isa = XCBuildConfiguration;
			buildSettings = {
				ASSETCATALOG_COMPILER_APPICON_NAME = AppIcon;
				INFOPLIST_FILE = PDA/Info.plist;
				LD_RUNPATH_SEARCH_PATHS = "$(inherited) @executable_path/Frameworks";
				PRODUCT_BUNDLE_IDENTIFIER = edu.xula.PDA;
				PRODUCT_NAME = "$(TARGET_NAME)";
				SWIFT_VERSION = 3.0;
			};
			name = Release;
		};
/* End XCBuildConfiguration section */

/* Begin XCConfigurationList section */
		BD2AF1F21DCAA39900A7B582 /* Build configuration list for PBXProject "PDA" */ = {
			isa = XCConfigurationList;
			buildConfigurations = (
				BD2AF20A1DCAA39900A7B582 /* Debug */,
				BD2AF20B1DCAA39900A7B582 /* Release */,
			);
			defaultConfigurationIsVisible = 0;
			defaultConfigurationName = Release;
		};
		BD2AF20C1DCAA39900A7B582 /* Build configuration list for PBXNativeTarget "PDA" */ = {
			isa = XCConfigurationList;
			buildConfigurations = (
				BD2AF20D1DCAA39900A7B582 /* Debug */,
				BD2AF20E1DCAA39900A7B582 /* Release */,
			);
			defaultConfigurationIsVisible = 0;
			defaultConfigurationName = Release;
		};
/* End XCConfigurationList section */

/* Begin XCVersionGroup section */
		BD2AF2011DCAA39900A7B582 /* PDA.xcdatamodeld */ = {
			isa = XCVersionGroup;
			children = (
				BD2AF2021DCAA39900A7B582 /* PDA.xcdatamodel */,
			);
			currentVersion = BD2AF2021DCAA39900A7B582 /* PDA.xcdatamodel */;
			path = PDA.xcdatamodeld;
			sourceTree = "<group>";
			versionGroupType = wrapper.xcdatamodel;
		};
/* End XCVersionGroup section */
	};
	rootObject = BD2AF1EF1DCAA39900A7B582 /* Project object */;
}
